{
  "name": "modularbotdemo-mytsmodule",
  "version": "1.0.0",
  "lockfileVersion": 1,
  "requires": true,
  "dependencies": {
    "@modularbot/types-core": {
      "version": "1.1.1",
      "resolved": "https://registry.npmjs.org/@modularbot/types-core/-/types-core-1.1.1.tgz",
      "integrity": "sha512-eX+ZCjQggFVqvdnt5AROagGEQqFi565MJeHSIFv0UHDvPqAv2PeW46Cj2jEtUx5ygKwhW50jDJh8NcB1nvxUWg==",
      "requires": {
        "@modularbot/types-graal": "^1.1.1",
        "@modularbot/types-jda": "^1.1.1"
      }
    },
    "@modularbot/types-graal": {
      "version": "1.1.1",
      "resolved": "https://registry.npmjs.org/@modularbot/types-graal/-/types-graal-1.1.1.tgz",
      "integrity": "sha512-cRIbFhFOcE7H6kqE2g6sPRHeDv71UovoRjYr5IX126LfZl4o+1caw9/OXS+yZGjDTJql+sU1JSAraZoWh0sccQ=="
    },
    "@modularbot/types-jda": {
      "version": "1.1.1",
      "resolved": "https://registry.npmjs.org/@modularbot/types-jda/-/types-jda-1.1.1.tgz",
      "integrity": "sha512-qfJ71XpDgXcoak9d7hY8ArWJKCeOoB1RobD1ULw0KPaalANK49Hden0ETKzJePOg2zk7cJfPLW45n5up/gJU+g==",
      "requires": {
        "@modularbot/types-graal": "^1.1.1"
      }
    }
  }
}
